# THIS IS AN AUTOGENERATED FILE. DO NOT EDIT THIS FILE DIRECTLY.
# yarn lockfile v1


"cannon@github:schteppe/cannon.js":
  version "0.6.2"
  resolved "https://codeload.github.com/schteppe/cannon.js/tar.gz/569730f94a1d9da47967a24fad0323ef7d5b4119"

lodash@^4.17.4:
  version "4.17.21"
  resolved "https://registry.yarnpkg.com/lodash/-/lodash-4.17.21.tgz#679591c564c3bffaae8454cf0b3df370c3d6911c"
  integrity sha512-v2kDEe57lecTulaDIuNTPy3Ry4gLGJ6Z1O3vE1krgXZNrsQ+LFTGHVxVjcXPs17LhbZVGedAJv8XZ1tvj5FvSg==

rpg-tools@^0.1.4:
  version "0.1.4"
  resolved "https://registry.yarnpkg.com/rpg-tools/-/rpg-tools-0.1.4.tgz#e1a862768b85049ab8d97f41756e1e0ef46ac3a7"
  integrity sha1-4ahidouFBJq42X9BdW4eDvRqw6c=

three@0.98:
  version "0.98.0"
  resolved "https://registry.yarnpkg.com/three/-/three-0.98.0.tgz#11d4e3cca4b5d099c7de0ea5afa153b5d20cda84"
  integrity sha512-fihjYVjCmQbI03zt1+YCl/m+UrZCcDHFNLexgqBOIdPwnO6PYkQaYUsIbqtvNNse+BiMeu+pQWzZn9/NSnIv6A==
